
Microsoft Visual Studio Solution File, Format Version 12.00
# Visual Studio Version 17
VisualStudioVersion = 17.11.35327.3
MinimumVisualStudioVersion = 10.0.40219.1
Project("{FAE04EC0-301F-11D3-BF4B-00C04F79EFBC}") = "Cosmicbills_TestAPP.Server", "Cosmicbills_TestAPP.Server\Cosmicbills_TestAPP.Server.csproj", "{606B3CC7-7733-470C-B13A-92FA11008B9F}"
EndProject
Project("{54A90642-561A-4BB1-A94E-469ADEE60C69}") = "cosmicbills_testapp.client", "cosmicbills_testapp.client\cosmicbills_testapp.client.esproj", "{B7CE7097-3249-4BAE-B130-0E96F82F8406}"
EndProject
Global
	GlobalSection(SolutionConfigurationPlatforms) = preSolution
		Debug|Any CPU = Debug|Any CPU
		Release|Any CPU = Release|Any CPU
	EndGlobalSection
	GlobalSection(ProjectConfigurationPlatforms) = postSolution
		{606B3CC7-7733-470C-B13A-92FA11008B9F}.Debug|Any CPU.ActiveCfg = Debug|Any CPU
		{606B3CC7-7733-470C-B13A-92FA11008B9F}.Debug|Any CPU.Build.0 = Debug|Any CPU
		{606B3CC7-7733-470C-B13A-92FA11008B9F}.Release|Any CPU.ActiveCfg = Release|Any CPU
		{606B3CC7-7733-470C-B13A-92FA11008B9F}.Release|Any CPU.Build.0 = Release|Any CPU
		{B7CE7097-3249-4BAE-B130-0E96F82F8406}.Debug|Any CPU.ActiveCfg = Debug|Any CPU
		{B7CE7097-3249-4BAE-B130-0E96F82F8406}.Debug|Any CPU.Build.0 = Debug|Any CPU
		{B7CE7097-3249-4BAE-B130-0E96F82F8406}.Debug|Any CPU.Deploy.0 = Debug|Any CPU
		{B7CE7097-3249-4BAE-B130-0E96F82F8406}.Release|Any CPU.ActiveCfg = Release|Any CPU
		{B7CE7097-3249-4BAE-B130-0E96F82F8406}.Release|Any CPU.Build.0 = Release|Any CPU
		{B7CE7097-3249-4BAE-B130-0E96F82F8406}.Release|Any CPU.Deploy.0 = Release|Any CPU
	EndGlobalSection
	GlobalSection(SolutionProperties) = preSolution
		HideSolutionNode = FALSE
	EndGlobalSection
	GlobalSection(ExtensibilityGlobals) = postSolution
		SolutionGuid = {6C08E3CA-8C86-48B4-AEB7-92A1CA2FA973}
	EndGlobalSection
EndGlobal
